
Microsoft Visual Studio Solution File, Format Version 11.00
# Visual Studio 2010
Project("{FAE04EC0-301F-11D3-BF4B-00C04F79EFBC}") = "Assembly-CSharp", "Assembly-CSharp.csproj", "{29D90B7A-CD2B-C054-0C7E-F561E38EA2A1}"
EndProject
Project("{FAE04EC0-301F-11D3-BF4B-00C04F79EFBC}") = "Assembly-CSharp-Editor", "Assembly-CSharp-Editor.csproj", "{69533E9C-C4F1-28BB-0014-7F177F9BACCB}"
EndProject
Global
	GlobalSection(SolutionConfigurationPlatforms) = preSolution
		Debug|Any CPU = Debug|Any CPU
		Release|Any CPU = Release|Any CPU
	EndGlobalSection
	GlobalSection(ProjectConfigurationPlatforms) = postSolution
		{29D90B7A-CD2B-C054-0C7E-F561E38EA2A1}.Debug|Any CPU.ActiveCfg = Debug|Any CPU
		{29D90B7A-CD2B-C054-0C7E-F561E38EA2A1}.Debug|Any CPU.Build.0 = Debug|Any CPU
		{29D90B7A-CD2B-C054-0C7E-F561E38EA2A1}.Release|Any CPU.ActiveCfg = Release|Any CPU
		{29D90B7A-CD2B-C054-0C7E-F561E38EA2A1}.Release|Any CPU.Build.0 = Release|Any CPU
		{69533E9C-C4F1-28BB-0014-7F177F9BACCB}.Debug|Any CPU.ActiveCfg = Debug|Any CPU
		{69533E9C-C4F1-28BB-0014-7F177F9BACCB}.Debug|Any CPU.Build.0 = Debug|Any CPU
		{69533E9C-C4F1-28BB-0014-7F177F9BACCB}.Release|Any CPU.ActiveCfg = Release|Any CPU
		{69533E9C-C4F1-28BB-0014-7F177F9BACCB}.Release|Any CPU.Build.0 = Release|Any CPU
	EndGlobalSection
	GlobalSection(SolutionProperties) = preSolution
		HideSolutionNode = FALSE
	EndGlobalSection
EndGlobal
